{
  "requires": true,
  "lockfileVersion": 1,
  "dependencies": {
    "qr-code-scanner": {
      "version": "1.0.7",
      "resolved": "https://registry.npmjs.org/qr-code-scanner/-/qr-code-scanner-1.0.7.tgz",
      "integrity": "sha512-t5qVZCYl1DFH6jyJpjuX9SZm7px8J4bfWM/LfbpPzLoyj1d3vOoVtF+3sCqMUGOS7J0WOPqLdzNNgR/IevS5bg=="
    }
  }
}
